
Microsoft Visual Studio Solution File, Format Version 12.00
# Visual Studio Version 17
VisualStudioVersion = 17.10.35122.118
MinimumVisualStudioVersion = 10.0.40219.1
Project("{2150E333-8FDC-42A3-9474-1A3956D46DE8}") = "Services", "Services", "{E6919CF0-BCBB-453B-9D64-5B2D2A70998E}"
EndProject
Project("{2150E333-8FDC-42A3-9474-1A3956D46DE8}") = "Web", "Web", "{BB44152D-9F8D-44C8-ABD4-2D4FE87CBF50}"
EndProject
Project("{FAE04EC0-301F-11D3-BF4B-00C04F79EFBC}") = "EventCatalogAPI", "EventCatalogAPI\EventCatalogAPI.csproj", "{092ABF94-ED57-49AB-836D-2F6162E185D6}"
EndProject
Global
	GlobalSection(SolutionConfigurationPlatforms) = preSolution
		Debug|Any CPU = Debug|Any CPU
		Release|Any CPU = Release|Any CPU
	EndGlobalSection
	GlobalSection(ProjectConfigurationPlatforms) = postSolution
		{092ABF94-ED57-49AB-836D-2F6162E185D6}.Debug|Any CPU.ActiveCfg = Debug|Any CPU
		{092ABF94-ED57-49AB-836D-2F6162E185D6}.Debug|Any CPU.Build.0 = Debug|Any CPU
		{092ABF94-ED57-49AB-836D-2F6162E185D6}.Release|Any CPU.ActiveCfg = Release|Any CPU
		{092ABF94-ED57-49AB-836D-2F6162E185D6}.Release|Any CPU.Build.0 = Release|Any CPU
	EndGlobalSection
	GlobalSection(SolutionProperties) = preSolution
		HideSolutionNode = FALSE
	EndGlobalSection
	GlobalSection(NestedProjects) = preSolution
		{092ABF94-ED57-49AB-836D-2F6162E185D6} = {E6919CF0-BCBB-453B-9D64-5B2D2A70998E}
	EndGlobalSection
	GlobalSection(ExtensibilityGlobals) = postSolution
		SolutionGuid = {E448189A-3294-406B-9DA1-A61C710AA967}
	EndGlobalSection
EndGlobal
